// !$*UTF8*$!
{
	archiveVersion = 1;
	classes = {
	};
	objectVersion = 50;
	objects = {

/* Begin PBXBuildFile section */
		3061829B23ABDEF7001E8CF9 /* AppDelegate.swift in Sources */ = {isa = PBXBuildFile; fileRef = 3061829A23ABDEF7001E8CF9 /* AppDelegate.swift */; };
		3061829D23ABDEF7001E8CF9 /* SceneDelegate.swift in Sources */ = {isa = PBXBuildFile; fileRef = 3061829C23ABDEF7001E8CF9 /* SceneDelegate.swift */; };
		3061829F23ABDEF7001E8CF9 /* ElementViewController.swift in Sources */ = {isa = PBXBuildFile; fileRef = 3061829E23ABDEF7001E8CF9 /* ElementViewController.swift */; };
		306182A223ABDEF7001E8CF9 /* Main.storyboard in Resources */ = {isa = PBXBuildFile; fileRef = 306182A023ABDEF7001E8CF9 /* Main.storyboard */; };
		306182A423ABDEF8001E8CF9 /* Assets.xcassets in Resources */ = {isa = PBXBuildFile; fileRef = 306182A323ABDEF8001E8CF9 /* Assets.xcassets */; };
		306182A723ABDEF8001E8CF9 /* LaunchScreen.storyboard in Resources */ = {isa = PBXBuildFile; fileRef = 306182A523ABDEF8001E8CF9 /* LaunchScreen.storyboard */; };
		306182AF23ABDFAD001E8CF9 /* ElementData.swift in Sources */ = {isa = PBXBuildFile; fileRef = 306182AE23ABDFAD001E8CF9 /* ElementData.swift */; };
		306182B123ABDFCD001E8CF9 /* UI-ImageExtension.swift in Sources */ = {isa = PBXBuildFile; fileRef = 306182B023ABDFCD001E8CF9 /* UI-ImageExtension.swift */; };
		306182B623ABE071001E8CF9 /* NetworkHelper.swift in Sources */ = {isa = PBXBuildFile; fileRef = 306182B523ABE071001E8CF9 /* NetworkHelper.swift */; };
		306182B823ABE105001E8CF9 /* ElementDetailViewController.swift in Sources */ = {isa = PBXBuildFile; fileRef = 306182B723ABE105001E8CF9 /* ElementDetailViewController.swift */; };
		306182BA23ABE137001E8CF9 /* ElementCell.swift in Sources */ = {isa = PBXBuildFile; fileRef = 306182B923ABE137001E8CF9 /* ElementCell.swift */; };
		306182BC23ABE4BE001E8CF9 /* ElementAPIClient.swift in Sources */ = {isa = PBXBuildFile; fileRef = 306182BB23ABE4BE001E8CF9 /* ElementAPIClient.swift */; };
		306182BE23AC16C8001E8CF9 /* UIViewController+Alerts.swift in Sources */ = {isa = PBXBuildFile; fileRef = 306182BD23AC16C8001E8CF9 /* UIViewController+Alerts.swift */; };
		306182C023AC18F9001E8CF9 /* FavoriteViewController.swift in Sources */ = {isa = PBXBuildFile; fileRef = 306182BF23AC18F9001E8CF9 /* FavoriteViewController.swift */; };
/* End PBXBuildFile section */

/* Begin PBXFileReference section */
		3061829723ABDEF6001E8CF9 /* Assessment Unit 3.app */ = {isa = PBXFileReference; explicitFileType = wrapper.application; includeInIndex = 0; path = "Assessment Unit 3.app"; sourceTree = BUILT_PRODUCTS_DIR; };
		3061829A23ABDEF7001E8CF9 /* AppDelegate.swift */ = {isa = PBXFileReference; lastKnownFileType = sourcecode.swift; path = AppDelegate.swift; sourceTree = "<group>"; };
		3061829C23ABDEF7001E8CF9 /* SceneDelegate.swift */ = {isa = PBXFileReference; lastKnownFileType = sourcecode.swift; path = SceneDelegate.swift; sourceTree = "<group>"; };
		3061829E23ABDEF7001E8CF9 /* ElementViewController.swift */ = {isa = PBXFileReference; lastKnownFileType = sourcecode.swift; path = ElementViewController.swift; sourceTree = "<group>"; };
		306182A123ABDEF7001E8CF9 /* Base */ = {isa = PBXFileReference; lastKnownFileType = file.storyboard; name = Base; path = Base.lproj/Main.storyboard; sourceTree = "<group>"; };
		306182A323ABDEF8001E8CF9 /* Assets.xcassets */ = {isa = PBXFileReference; lastKnownFileType = folder.assetcatalog; path = Assets.xcassets; sourceTree = "<group>"; };
		306182A623ABDEF8001E8CF9 /* Base */ = {isa = PBXFileReference; lastKnownFileType = file.storyboard; name = Base; path = Base.lproj/LaunchScreen.storyboard; sourceTree = "<group>"; };
		306182A823ABDEF8001E8CF9 /* Info.plist */ = {isa = PBXFileReference; lastKnownFileType = text.plist.xml; path = Info.plist; sourceTree = "<group>"; };
		306182AE23ABDFAD001E8CF9 /* ElementData.swift */ = {isa = PBXFileReference; lastKnownFileType = sourcecode.swift; path = ElementData.swift; sourceTree = "<group>"; };
		306182B023ABDFCD001E8CF9 /* UI-ImageExtension.swift */ = {isa = PBXFileReference; lastKnownFileType = sourcecode.swift; path = "UI-ImageExtension.swift"; sourceTree = "<group>"; };
		306182B523ABE071001E8CF9 /* NetworkHelper.swift */ = {isa = PBXFileReference; lastKnownFileType = sourcecode.swift; path = NetworkHelper.swift; sourceTree = "<group>"; };
		306182B723ABE105001E8CF9 /* ElementDetailViewController.swift */ = {isa = PBXFileReference; lastKnownFileType = sourcecode.swift; path = ElementDetailViewController.swift; sourceTree = "<group>"; };
		306182B923ABE137001E8CF9 /* ElementCell.swift */ = {isa = PBXFileReference; lastKnownFileType = sourcecode.swift; path = ElementCell.swift; sourceTree = "<group>"; };
		306182BB23ABE4BE001E8CF9 /* ElementAPIClient.swift */ = {isa = PBXFileReference; lastKnownFileType = sourcecode.swift; path = ElementAPIClient.swift; sourceTree = "<group>"; };
		306182BD23AC16C8001E8CF9 /* UIViewController+Alerts.swift */ = {isa = PBXFileReference; lastKnownFileType = sourcecode.swift; path = "UIViewController+Alerts.swift"; sourceTree = "<group>"; };
		306182BF23AC18F9001E8CF9 /* FavoriteViewController.swift */ = {isa = PBXFileReference; lastKnownFileType = sourcecode.swift; path = FavoriteViewController.swift; sourceTree = "<group>"; };
/* End PBXFileReference section */

/* Begin PBXFrameworksBuildPhase section */
		3061829423ABDEF6001E8CF9 /* Frameworks */ = {
			isa = PBXFrameworksBuildPhase;
			buildActionMask = 2147483647;
			files = (
			);
			runOnlyForDeploymentPostprocessing = 0;
		};
/* End PBXFrameworksBuildPhase section */

/* Begin PBXGroup section */
		3061828E23ABDEF6001E8CF9 = {
			isa = PBXGroup;
			children = (
				3061829923ABDEF6001E8CF9 /* Assessment Unit 3 */,
				3061829823ABDEF6001E8CF9 /* Products */,
			);
			sourceTree = "<group>";
		};
		3061829823ABDEF6001E8CF9 /* Products */ = {
			isa = PBXGroup;
			children = (
				3061829723ABDEF6001E8CF9 /* Assessment Unit 3.app */,
			);
			name = Products;
			sourceTree = "<group>";
		};
		3061829923ABDEF6001E8CF9 /* Assessment Unit 3 */ = {
			isa = PBXGroup;
			children = (
				306182A023ABDEF7001E8CF9 /* Main.storyboard */,
				306182B523ABE071001E8CF9 /* NetworkHelper.swift */,
				306182BB23ABE4BE001E8CF9 /* ElementAPIClient.swift */,
				306182B323ABDFEC001E8CF9 /* Model */,
				306182B423ABDFF7001E8CF9 /* Controller */,
				306182B223ABDFDA001E8CF9 /* Extension */,
				3061829A23ABDEF7001E8CF9 /* AppDelegate.swift */,
				3061829C23ABDEF7001E8CF9 /* SceneDelegate.swift */,
				306182A323ABDEF8001E8CF9 /* Assets.xcassets */,
				306182A523ABDEF8001E8CF9 /* LaunchScreen.storyboard */,
				306182A823ABDEF8001E8CF9 /* Info.plist */,
			);
			path = "Assessment Unit 3";
			sourceTree = "<group>";
		};
		306182B223ABDFDA001E8CF9 /* Extension */ = {
			isa = PBXGroup;
			children = (
				306182B023ABDFCD001E8CF9 /* UI-ImageExtension.swift */,
				306182BD23AC16C8001E8CF9 /* UIViewController+Alerts.swift */,
			);
			path = Extension;
			sourceTree = "<group>";
		};
		306182B323ABDFEC001E8CF9 /* Model */ = {
			isa = PBXGroup;
			children = (
				306182AE23ABDFAD001E8CF9 /* ElementData.swift */,
			);
			path = Model;
			sourceTree = "<group>";
		};
		306182B423ABDFF7001E8CF9 /* Controller */ = {
			isa = PBXGroup;
			children = (
				3061829E23ABDEF7001E8CF9 /* ElementViewController.swift */,
				306182BF23AC18F9001E8CF9 /* FavoriteViewController.swift */,
				306182B923ABE137001E8CF9 /* ElementCell.swift */,
				306182B723ABE105001E8CF9 /* ElementDetailViewController.swift */,
			);
			path = Controller;
			sourceTree = "<group>";
		};
/* End PBXGroup section */

/* Begin PBXNativeTarget section */
		3061829623ABDEF6001E8CF9 /* Assessment Unit 3 */ = {
			isa = PBXNativeTarget;
			buildConfigurationList = 306182AB23ABDEF8001E8CF9 /* Build configuration list for PBXNativeTarget "Assessment Unit 3" */;
			buildPhases = (
				3061829323ABDEF6001E8CF9 /* Sources */,
				3061829423ABDEF6001E8CF9 /* Frameworks */,
				3061829523ABDEF6001E8CF9 /* Resources */,
			);
			buildRules = (
			);
			dependencies = (
			);
			name = "Assessment Unit 3";
			productName = "Assessment Unit 3";
			productReference = 3061829723ABDEF6001E8CF9 /* Assessment Unit 3.app */;
			productType = "com.apple.product-type.application";
		};
/* End PBXNativeTarget section */

/* Begin PBXProject section */
		3061828F23ABDEF6001E8CF9 /* Project object */ = {
			isa = PBXProject;
			attributes = {
				LastSwiftUpdateCheck = 1130;
				LastUpgradeCheck = 1130;
				ORGANIZATIONNAME = "Jaheed Haynes";
				TargetAttributes = {
					3061829623ABDEF6001E8CF9 = {
						CreatedOnToolsVersion = 11.3;
					};
				};
			};
			buildConfigurationList = 3061829223ABDEF6001E8CF9 /* Build configuration list for PBXProject "Assessment Unit 3" */;
			compatibilityVersion = "Xcode 9.3";
			developmentRegion = en;
			hasScannedForEncodings = 0;
			knownRegions = (
				en,
				Base,
			);
			mainGroup = 3061828E23ABDEF6001E8CF9;
			productRefGroup = 3061829823ABDEF6001E8CF9 /* Products */;
			projectDirPath = "";
			projectRoot = "";
			targets = (
				3061829623ABDEF6001E8CF9 /* Assessment Unit 3 */,
			);
		};
/* End PBXProject section */

/* Begin PBXResourcesBuildPhase section */
		3061829523ABDEF6001E8CF9 /* Resources */ = {
			isa = PBXResourcesBuildPhase;
			buildActionMask = 2147483647;
			files = (
				306182A723ABDEF8001E8CF9 /* LaunchScreen.storyboard in Resources */,
				306182A423ABDEF8001E8CF9 /* Assets.xcassets in Resources */,
				306182A223ABDEF7001E8CF9 /* Main.storyboard in Resources */,
			);
			runOnlyForDeploymentPostprocessing = 0;
		};
/* End PBXResourcesBuildPhase section */

/* Begin PBXSourcesBuildPhase section */
		3061829323ABDEF6001E8CF9 /* Sources */ = {
			isa = PBXSourcesBuildPhase;
			buildActionMask = 2147483647;
			files = (
				306182C023AC18F9001E8CF9 /* FavoriteViewController.swift in Sources */,
				306182BC23ABE4BE001E8CF9 /* ElementAPIClient.swift in Sources */,
				306182AF23ABDFAD001E8CF9 /* ElementData.swift in Sources */,
				3061829F23ABDEF7001E8CF9 /* ElementViewController.swift in Sources */,
				306182BE23AC16C8001E8CF9 /* UIViewController+Alerts.swift in Sources */,
				306182BA23ABE137001E8CF9 /* ElementCell.swift in Sources */,
				306182B123ABDFCD001E8CF9 /* UI-ImageExtension.swift in Sources */,
				3061829B23ABDEF7001E8CF9 /* AppDelegate.swift in Sources */,
				306182B623ABE071001E8CF9 /* NetworkHelper.swift in Sources */,
				3061829D23ABDEF7001E8CF9 /* SceneDelegate.swift in Sources */,
				306182B823ABE105001E8CF9 /* ElementDetailViewController.swift in Sources */,
			);
			runOnlyForDeploymentPostprocessing = 0;
		};
/* End PBXSourcesBuildPhase section */

/* Begin PBXVariantGroup section */
		306182A023ABDEF7001E8CF9 /* Main.storyboard */ = {
			isa = PBXVariantGroup;
			children = (
				306182A123ABDEF7001E8CF9 /* Base */,
			);
			name = Main.storyboard;
			sourceTree = "<group>";
		};
		306182A523ABDEF8001E8CF9 /* LaunchScreen.storyboard */ = {
			isa = PBXVariantGroup;
			children = (
				306182A623ABDEF8001E8CF9 /* Base */,
			);
			name = LaunchScreen.storyboard;
			sourceTree = "<group>";
		};
/* End PBXVariantGroup section */

/* Begin XCBuildConfiguration section */
		306182A923ABDEF8001E8CF9 /* Debug */ = {
			isa = XCBuildConfiguration;
			buildSettings = {
				ALWAYS_SEARCH_USER_PATHS = NO;
				CLANG_ANALYZER_NONNULL = YES;
				CLANG_ANALYZER_NUMBER_OBJECT_CONVERSION = YES_AGGRESSIVE;
				CLANG_CXX_LANGUAGE_STANDARD = "gnu++14";
				CLANG_CXX_LIBRARY = "libc++";
				CLANG_ENABLE_MODULES = YES;
				CLANG_ENABLE_OBJC_ARC = YES;
				CLANG_ENABLE_OBJC_WEAK = YES;
				CLANG_WARN_BLOCK_CAPTURE_AUTORELEASING = YES;
				CLANG_WARN_BOOL_CONVERSION = YES;
				CLANG_WARN_COMMA = YES;
				CLANG_WARN_CONSTANT_CONVERSION = YES;
				CLANG_WARN_DEPRECATED_OBJC_IMPLEMENTATIONS = YES;
				CLANG_WARN_DIRECT_OBJC_ISA_USAGE = YES_ERROR;
				CLANG_WARN_DOCUMENTATION_COMMENTS = YES;
				CLANG_WARN_EMPTY_BODY = YES;
				CLANG_WARN_ENUM_CONVERSION = YES;
				CLANG_WARN_INFINITE_RECURSION = YES;
				CLANG_WARN_INT_CONVERSION = YES;
				CLANG_WARN_NON_LITERAL_NULL_CONVERSION = YES;
				CLANG_WARN_OBJC_IMPLICIT_RETAIN_SELF = YES;
				CLANG_WARN_OBJC_LITERAL_CONVERSION = YES;
				CLANG_WARN_OBJC_ROOT_CLASS = YES_ERROR;
				CLANG_WARN_RANGE_LOOP_ANALYSIS = YES;
				CLANG_WARN_STRICT_PROTOTYPES = YES;
				CLANG_WARN_SUSPICIOUS_MOVE = YES;
				CLANG_WARN_UNGUARDED_AVAILABILITY = YES_AGGRESSIVE;
				CLANG_WARN_UNREACHABLE_CODE = YES;
				CLANG_WARN__DUPLICATE_METHOD_MATCH = YES;
				COPY_PHASE_STRIP = NO;
				DEBUG_INFORMATION_FORMAT = dwarf;
				ENABLE_STRICT_OBJC_MSGSEND = YES;
				ENABLE_TESTABILITY = YES;
				GCC_C_LANGUAGE_STANDARD = gnu11;
				GCC_DYNAMIC_NO_PIC = NO;
				GCC_NO_COMMON_BLOCKS = YES;
				GCC_OPTIMIZATION_LEVEL = 0;
				GCC_PREPROCESSOR_DEFINITIONS = (
					"DEBUG=1",
					"$(inherited)",
				);
				GCC_WARN_64_TO_32_BIT_CONVERSION = YES;
				GCC_WARN_ABOUT_RETURN_TYPE = YES_ERROR;
				GCC_WARN_UNDECLARED_SELECTOR = YES;
				GCC_WARN_UNINITIALIZED_AUTOS = YES_AGGRESSIVE;
				GCC_WARN_UNUSED_FUNCTION = YES;
				GCC_WARN_UNUSED_VARIABLE = YES;
				IPHONEOS_DEPLOYMENT_TARGET = 13.2;
				MTL_ENABLE_DEBUG_INFO = INCLUDE_SOURCE;
				MTL_FAST_MATH = YES;
				ONLY_ACTIVE_ARCH = YES;
				SDKROOT = iphoneos;
				SWIFT_ACTIVE_COMPILATION_CONDITIONS = DEBUG;
				SWIFT_OPTIMIZATION_LEVEL = "-Onone";
			};
			name = Debug;
		};
		306182AA23ABDEF8001E8CF9 /* Release */ = {
			isa = XCBuildConfiguration;
			buildSettings = {
				ALWAYS_SEARCH_USER_PATHS = NO;
				CLANG_ANALYZER_NONNULL = YES;
				CLANG_ANALYZER_NUMBER_OBJECT_CONVERSION = YES_AGGRESSIVE;
				CLANG_CXX_LANGUAGE_STANDARD = "gnu++14";
				CLANG_CXX_LIBRARY = "libc++";
				CLANG_ENABLE_MODULES = YES;
				CLANG_ENABLE_OBJC_ARC = YES;
				CLANG_ENABLE_OBJC_WEAK = YES;
				CLANG_WARN_BLOCK_CAPTURE_AUTORELEASING = YES;
				CLANG_WARN_BOOL_CONVERSION = YES;
				CLANG_WARN_COMMA = YES;
				CLANG_WARN_CONSTANT_CONVERSION = YES;
				CLANG_WARN_DEPRECATED_OBJC_IMPLEMENTATIONS = YES;
				CLANG_WARN_DIRECT_OBJC_ISA_USAGE = YES_ERROR;
				CLANG_WARN_DOCUMENTATION_COMMENTS = YES;
				CLANG_WARN_EMPTY_BODY = YES;
				CLANG_WARN_ENUM_CONVERSION = YES;
				CLANG_WARN_INFINITE_RECURSION = YES;
				CLANG_WARN_INT_CONVERSION = YES;
				CLANG_WARN_NON_LITERAL_NULL_CONVERSION = YES;
				CLANG_WARN_OBJC_IMPLICIT_RETAIN_SELF = YES;
				CLANG_WARN_OBJC_LITERAL_CONVERSION = YES;
				CLANG_WARN_OBJC_ROOT_CLASS = YES_ERROR;
				CLANG_WARN_RANGE_LOOP_ANALYSIS = YES;
				CLANG_WARN_STRICT_PROTOTYPES = YES;
				CLANG_WARN_SUSPICIOUS_MOVE = YES;
				CLANG_WARN_UNGUARDED_AVAILABILITY = YES_AGGRESSIVE;
				CLANG_WARN_UNREACHABLE_CODE = YES;
				CLANG_WARN__DUPLICATE_METHOD_MATCH = YES;
				COPY_PHASE_STRIP = NO;
				DEBUG_INFORMATION_FORMAT = "dwarf-with-dsym";
				ENABLE_NS_ASSERTIONS = NO;
				ENABLE_STRICT_OBJC_MSGSEND = YES;
				GCC_C_LANGUAGE_STANDARD = gnu11;
				GCC_NO_COMMON_BLOCKS = YES;
				GCC_WARN_64_TO_32_BIT_CONVERSION = YES;
				GCC_WARN_ABOUT_RETURN_TYPE = YES_ERROR;
				GCC_WARN_UNDECLARED_SELECTOR = YES;
				GCC_WARN_UNINITIALIZED_AUTOS = YES_AGGRESSIVE;
				GCC_WARN_UNUSED_FUNCTION = YES;
				GCC_WARN_UNUSED_VARIABLE = YES;
				IPHONEOS_DEPLOYMENT_TARGET = 13.2;
				MTL_ENABLE_DEBUG_INFO = NO;
				MTL_FAST_MATH = YES;
				SDKROOT = iphoneos;
				SWIFT_COMPILATION_MODE = wholemodule;
				SWIFT_OPTIMIZATION_LEVEL = "-O";
				VALIDATE_PRODUCT = YES;
			};
			name = Release;
		};
		306182AC23ABDEF8001E8CF9 /* Debug */ = {
			isa = XCBuildConfiguration;
			buildSettings = {
				ASSETCATALOG_COMPILER_APPICON_NAME = AppIcon;
				CODE_SIGN_STYLE = Automatic;
				DEVELOPMENT_TEAM = TTN2293JXM;
				INFOPLIST_FILE = "Assessment Unit 3/Info.plist";
				LD_RUNPATH_SEARCH_PATHS = (
					"$(inherited)",
					"@executable_path/Frameworks",
				);
				PRODUCT_BUNDLE_IDENTIFIER = "com.Jaheed.Assessment-Unit-3";
				PRODUCT_NAME = "$(TARGET_NAME)";
				SWIFT_VERSION = 5.0;
				TARGETED_DEVICE_FAMILY = "1,2";
			};
			name = Debug;
		};
		306182AD23ABDEF8001E8CF9 /* Release */ = {
			isa = XCBuildConfiguration;
			buildSettings = {
				ASSETCATALOG_COMPILER_APPICON_NAME = AppIcon;
				CODE_SIGN_STYLE = Automatic;
				DEVELOPMENT_TEAM = TTN2293JXM;
				INFOPLIST_FILE = "Assessment Unit 3/Info.plist";
				LD_RUNPATH_SEARCH_PATHS = (
					"$(inherited)",
					"@executable_path/Frameworks",
				);
				PRODUCT_BUNDLE_IDENTIFIER = "com.Jaheed.Assessment-Unit-3";
				PRODUCT_NAME = "$(TARGET_NAME)";
				SWIFT_VERSION = 5.0;
				TARGETED_DEVICE_FAMILY = "1,2";
			};
			name = Release;
		};
/* End XCBuildConfiguration section */

/* Begin XCConfigurationList section */
		3061829223ABDEF6001E8CF9 /* Build configuration list for PBXProject "Assessment Unit 3" */ = {
			isa = XCConfigurationList;
			buildConfigurations = (
				306182A923ABDEF8001E8CF9 /* Debug */,
				306182AA23ABDEF8001E8CF9 /* Release */,
			);
			defaultConfigurationIsVisible = 0;
			defaultConfigurationName = Release;
		};
		306182AB23ABDEF8001E8CF9 /* Build configuration list for PBXNativeTarget "Assessment Unit 3" */ = {
			isa = XCConfigurationList;
			buildConfigurations = (
				306182AC23ABDEF8001E8CF9 /* Debug */,
				306182AD23ABDEF8001E8CF9 /* Release */,
			);
			defaultConfigurationIsVisible = 0;
			defaultConfigurationName = Release;
		};
/* End XCConfigurationList section */
	};
	rootObject = 3061828F23ABDEF6001E8CF9 /* Project object */;
}
